
Microsoft Visual Studio Solution File, Format Version 12.00
Project("{F2A71F9B-5D33-465A-A702-920D77279786}") = "ElectricalCalculation", "ElectricalCalculation\ElectricalCalculation.fsproj", "{AB018CF0-CD4F-413F-86F2-3B6B0ABD432F}"
EndProject
Global
	GlobalSection(SolutionConfigurationPlatforms) = preSolution
		Debug|Any CPU = Debug|Any CPU
		Release|Any CPU = Release|Any CPU
	EndGlobalSection
	GlobalSection(ProjectConfigurationPlatforms) = postSolution
		{AB018CF0-CD4F-413F-86F2-3B6B0ABD432F}.Debug|Any CPU.ActiveCfg = Debug|Any CPU
		{AB018CF0-CD4F-413F-86F2-3B6B0ABD432F}.Debug|Any CPU.Build.0 = Debug|Any CPU
		{AB018CF0-CD4F-413F-86F2-3B6B0ABD432F}.Release|Any CPU.ActiveCfg = Release|Any CPU
		{AB018CF0-CD4F-413F-86F2-3B6B0ABD432F}.Release|Any CPU.Build.0 = Release|Any CPU
	EndGlobalSection
EndGlobal
